
Microsoft Visual Studio Solution File, Format Version 12.00
# Visual Studio Version 16
VisualStudioVersion = 16.0.31320.298
MinimumVisualStudioVersion = 10.0.40219.1
Project("{9A19103F-16F7-4668-BE54-9A1E7A4F7556}") = "ShiftManager", "ShiftManager\ShiftManager.csproj", "{B4BFEA59-B7CB-42F6-ADC3-8E6E5A3FADC5}"
EndProject
Project("{9A19103F-16F7-4668-BE54-9A1E7A4F7556}") = "ShiftManager.DataClasses", "ShiftManager.DataClasses\ShiftManager.DataClasses.csproj", "{9448511A-91C2-49E1-8E10-403A3ED3B59C}"
EndProject
Project("{9A19103F-16F7-4668-BE54-9A1E7A4F7556}") = "ShiftManager.Communication.InternalApi", "ShiftManager.Communication.InternalApi\ShiftManager.Communication.InternalApi.csproj", "{2EA56783-983F-4749-8335-C4DDF4E03E3E}"
EndProject
Project("{9A19103F-16F7-4668-BE54-9A1E7A4F7556}") = "ShiftManager.PrintHelper", "ShiftManager.PrintHelper\ShiftManager.PrintHelper.csproj", "{F17476AD-9C40-474A-87A4-911B92F127EF}"
EndProject
Project("{9A19103F-16F7-4668-BE54-9A1E7A4F7556}") = "RoslynSDK.SourceGeneratorSamples.AutoNotifyGenerator", "RoslynSDK.SourceGeneratorSamples.AutoNotifyGenerator\RoslynSDK.SourceGeneratorSamples.AutoNotifyGenerator.csproj", "{E032B77C-2AE3-43D5-AF20-18D411A4FFEA}"
EndProject
Project("{9A19103F-16F7-4668-BE54-9A1E7A4F7556}") = "ShiftManager.Communication.InternalApi.Test", "ShiftManager.Communication.InternalApi.Test\ShiftManager.Communication.InternalApi.Test.csproj", "{B7845FED-D7F2-4B63-9965-60BAB9F3AF8A}"
EndProject
Project("{9A19103F-16F7-4668-BE54-9A1E7A4F7556}") = "ShiftManager.Test", "ShiftManager.Test\ShiftManager.Test.csproj", "{7922CEF1-9963-4DF2-AB4F-7EA2395494D7}"
EndProject
Project("{2150E333-8FDC-42A3-9474-1A3956D46DE8}") = "Solution Items", "Solution Items", "{A1C48997-5A36-45E7-A0C8-8E46686A89F5}"
	ProjectSection(SolutionItems) = preProject
		.editorconfig = .editorconfig
	EndProjectSection
EndProject
Project("{9A19103F-16F7-4668-BE54-9A1E7A4F7556}") = "ShiftManager.Communication.RestApiBroker", "ShiftManager.Communication.RestApiBroker\ShiftManager.Communication.RestApiBroker.csproj", "{99FB39D9-8D96-4628-B93D-13158F46133F}"
EndProject
Project("{9A19103F-16F7-4668-BE54-9A1E7A4F7556}") = "ShiftManager.Communication.RestApiBroker.Test", "ShiftManager.Communication.RestApiBroker.Test\ShiftManager.Communication.RestApiBroker.Test.csproj", "{6B2AA7E2-4852-401B-9546-00FC526D9645}"
EndProject
Project("{9A19103F-16F7-4668-BE54-9A1E7A4F7556}") = "ShiftManager.Communication.Common", "ShiftManager.Communication.Common\ShiftManager.Communication.Common.csproj", "{76A6183C-665A-4166-AD1F-4A2B28166AD3}"
EndProject
Global
	GlobalSection(SolutionConfigurationPlatforms) = preSolution
		Debug|Any CPU = Debug|Any CPU
		Release|Any CPU = Release|Any CPU
	EndGlobalSection
	GlobalSection(ProjectConfigurationPlatforms) = postSolution
		{B4BFEA59-B7CB-42F6-ADC3-8E6E5A3FADC5}.Debug|Any CPU.ActiveCfg = Debug|Any CPU
		{B4BFEA59-B7CB-42F6-ADC3-8E6E5A3FADC5}.Debug|Any CPU.Build.0 = Debug|Any CPU
		{B4BFEA59-B7CB-42F6-ADC3-8E6E5A3FADC5}.Release|Any CPU.ActiveCfg = Release|Any CPU
		{B4BFEA59-B7CB-42F6-ADC3-8E6E5A3FADC5}.Release|Any CPU.Build.0 = Release|Any CPU
		{9448511A-91C2-49E1-8E10-403A3ED3B59C}.Debug|Any CPU.ActiveCfg = Debug|Any CPU
		{9448511A-91C2-49E1-8E10-403A3ED3B59C}.Debug|Any CPU.Build.0 = Debug|Any CPU
		{9448511A-91C2-49E1-8E10-403A3ED3B59C}.Release|Any CPU.ActiveCfg = Release|Any CPU
		{9448511A-91C2-49E1-8E10-403A3ED3B59C}.Release|Any CPU.Build.0 = Release|Any CPU
		{2EA56783-983F-4749-8335-C4DDF4E03E3E}.Debug|Any CPU.ActiveCfg = Debug|Any CPU
		{2EA56783-983F-4749-8335-C4DDF4E03E3E}.Debug|Any CPU.Build.0 = Debug|Any CPU
		{2EA56783-983F-4749-8335-C4DDF4E03E3E}.Release|Any CPU.ActiveCfg = Release|Any CPU
		{2EA56783-983F-4749-8335-C4DDF4E03E3E}.Release|Any CPU.Build.0 = Release|Any CPU
		{F17476AD-9C40-474A-87A4-911B92F127EF}.Debug|Any CPU.ActiveCfg = Debug|Any CPU
		{F17476AD-9C40-474A-87A4-911B92F127EF}.Debug|Any CPU.Build.0 = Debug|Any CPU
		{F17476AD-9C40-474A-87A4-911B92F127EF}.Release|Any CPU.ActiveCfg = Release|Any CPU
		{F17476AD-9C40-474A-87A4-911B92F127EF}.Release|Any CPU.Build.0 = Release|Any CPU
		{E032B77C-2AE3-43D5-AF20-18D411A4FFEA}.Debug|Any CPU.ActiveCfg = Debug|Any CPU
		{E032B77C-2AE3-43D5-AF20-18D411A4FFEA}.Debug|Any CPU.Build.0 = Debug|Any CPU
		{E032B77C-2AE3-43D5-AF20-18D411A4FFEA}.Release|Any CPU.ActiveCfg = Release|Any CPU
		{E032B77C-2AE3-43D5-AF20-18D411A4FFEA}.Release|Any CPU.Build.0 = Release|Any CPU
		{B7845FED-D7F2-4B63-9965-60BAB9F3AF8A}.Debug|Any CPU.ActiveCfg = Debug|Any CPU
		{B7845FED-D7F2-4B63-9965-60BAB9F3AF8A}.Debug|Any CPU.Build.0 = Debug|Any CPU
		{B7845FED-D7F2-4B63-9965-60BAB9F3AF8A}.Release|Any CPU.ActiveCfg = Release|Any CPU
		{B7845FED-D7F2-4B63-9965-60BAB9F3AF8A}.Release|Any CPU.Build.0 = Release|Any CPU
		{7922CEF1-9963-4DF2-AB4F-7EA2395494D7}.Debug|Any CPU.ActiveCfg = Debug|Any CPU
		{7922CEF1-9963-4DF2-AB4F-7EA2395494D7}.Debug|Any CPU.Build.0 = Debug|Any CPU
		{7922CEF1-9963-4DF2-AB4F-7EA2395494D7}.Release|Any CPU.ActiveCfg = Release|Any CPU
		{7922CEF1-9963-4DF2-AB4F-7EA2395494D7}.Release|Any CPU.Build.0 = Release|Any CPU
		{99FB39D9-8D96-4628-B93D-13158F46133F}.Debug|Any CPU.ActiveCfg = Debug|Any CPU
		{99FB39D9-8D96-4628-B93D-13158F46133F}.Debug|Any CPU.Build.0 = Debug|Any CPU
		{99FB39D9-8D96-4628-B93D-13158F46133F}.Release|Any CPU.ActiveCfg = Release|Any CPU
		{99FB39D9-8D96-4628-B93D-13158F46133F}.Release|Any CPU.Build.0 = Release|Any CPU
		{6B2AA7E2-4852-401B-9546-00FC526D9645}.Debug|Any CPU.ActiveCfg = Debug|Any CPU
		{6B2AA7E2-4852-401B-9546-00FC526D9645}.Debug|Any CPU.Build.0 = Debug|Any CPU
		{6B2AA7E2-4852-401B-9546-00FC526D9645}.Release|Any CPU.ActiveCfg = Release|Any CPU
		{6B2AA7E2-4852-401B-9546-00FC526D9645}.Release|Any CPU.Build.0 = Release|Any CPU
		{76A6183C-665A-4166-AD1F-4A2B28166AD3}.Debug|Any CPU.ActiveCfg = Debug|Any CPU
		{76A6183C-665A-4166-AD1F-4A2B28166AD3}.Debug|Any CPU.Build.0 = Debug|Any CPU
		{76A6183C-665A-4166-AD1F-4A2B28166AD3}.Release|Any CPU.ActiveCfg = Release|Any CPU
		{76A6183C-665A-4166-AD1F-4A2B28166AD3}.Release|Any CPU.Build.0 = Release|Any CPU
	EndGlobalSection
	GlobalSection(SolutionProperties) = preSolution
		HideSolutionNode = FALSE
	EndGlobalSection
	GlobalSection(ExtensibilityGlobals) = postSolution
		SolutionGuid = {2CAA29A4-68AF-4445-A1D8-AB2429BCB673}
	EndGlobalSection
EndGlobal
